
Microsoft Visual Studio Solution File, Format Version 12.00
# Visual Studio Version 16
VisualStudioVersion = 16.0.30330.147
MinimumVisualStudioVersion = 10.0.40219.1
Project("{FAE04EC0-301F-11D3-BF4B-00C04F79EFBC}") = "calculator", "calculator\calculator.csproj", "{4841EB67-E4E8-4C02-9042-AABF15B3DF63}"
EndProject
Project("{FAE04EC0-301F-11D3-BF4B-00C04F79EFBC}") = "calculator.Test", "calculator.Test\calculator.Test.csproj", "{EC8D934C-58F4-45EA-8D22-87B96C91BA53}"
EndProject
Global
	GlobalSection(SolutionConfigurationPlatforms) = preSolution
		Debug|Any CPU = Debug|Any CPU
		Release|Any CPU = Release|Any CPU
	EndGlobalSection
	GlobalSection(ProjectConfigurationPlatforms) = postSolution
		{4841EB67-E4E8-4C02-9042-AABF15B3DF63}.Debug|Any CPU.ActiveCfg = Debug|Any CPU
		{4841EB67-E4E8-4C02-9042-AABF15B3DF63}.Debug|Any CPU.Build.0 = Debug|Any CPU
		{4841EB67-E4E8-4C02-9042-AABF15B3DF63}.Release|Any CPU.ActiveCfg = Release|Any CPU
		{4841EB67-E4E8-4C02-9042-AABF15B3DF63}.Release|Any CPU.Build.0 = Release|Any CPU
		{EC8D934C-58F4-45EA-8D22-87B96C91BA53}.Debug|Any CPU.ActiveCfg = Debug|Any CPU
		{EC8D934C-58F4-45EA-8D22-87B96C91BA53}.Debug|Any CPU.Build.0 = Debug|Any CPU
		{EC8D934C-58F4-45EA-8D22-87B96C91BA53}.Release|Any CPU.ActiveCfg = Release|Any CPU
		{EC8D934C-58F4-45EA-8D22-87B96C91BA53}.Release|Any CPU.Build.0 = Release|Any CPU
	EndGlobalSection
	GlobalSection(SolutionProperties) = preSolution
		HideSolutionNode = FALSE
	EndGlobalSection
	GlobalSection(ExtensibilityGlobals) = postSolution
		SolutionGuid = {8D341051-AB7D-45DA-A306-210FD3C4EE85}
	EndGlobalSection
EndGlobal
